
Microsoft Visual Studio Solution File, Format Version 12.00
# Visual Studio Version 16
VisualStudioVersion = 16.0.33423.256
MinimumVisualStudioVersion = 10.0.40219.1
Project("{FAE04EC0-301F-11D3-BF4B-00C04F79EFBC}") = "HomeWork_2", "HomeWork_2.csproj", "{0391DCF6-B1F1-46CD-867D-70CD6C31CAB6}"
EndProject
Global
	GlobalSection(SolutionConfigurationPlatforms) = preSolution
		Debug|Any CPU = Debug|Any CPU
		Release|Any CPU = Release|Any CPU
	EndGlobalSection
	GlobalSection(ProjectConfigurationPlatforms) = postSolution
		{0391DCF6-B1F1-46CD-867D-70CD6C31CAB6}.Debug|Any CPU.ActiveCfg = Debug|Any CPU
		{0391DCF6-B1F1-46CD-867D-70CD6C31CAB6}.Debug|Any CPU.Build.0 = Debug|Any CPU
		{0391DCF6-B1F1-46CD-867D-70CD6C31CAB6}.Release|Any CPU.ActiveCfg = Release|Any CPU
		{0391DCF6-B1F1-46CD-867D-70CD6C31CAB6}.Release|Any CPU.Build.0 = Release|Any CPU
	EndGlobalSection
	GlobalSection(SolutionProperties) = preSolution
		HideSolutionNode = FALSE
	EndGlobalSection
	GlobalSection(ExtensibilityGlobals) = postSolution
		SolutionGuid = {538CB53A-3712-4A33-87B0-E38FD7D199C1}
	EndGlobalSection
EndGlobal
